// !$*UTF8*$!
{
	archiveVersion = 1;
	classes = {
	};
	objectVersion = 50;
	objects = {

/* Begin PBXBuildFile section */
		F6971C78237945E100CC2CB7 /* MNISTClassifier.mlmodel in Sources */ = {isa = PBXBuildFile; fileRef = F6971C77237945E100CC2CB7 /* MNISTClassifier.mlmodel */; };
		F6971C7B2379506000CC2CB7 /* MNISTHandwritingRecognition.swift in Sources */ = {isa = PBXBuildFile; fileRef = F6971C792379506000CC2CB7 /* MNISTHandwritingRecognition.swift */; };
		F6971C7C2379506000CC2CB7 /* RecognitionHandler.swift in Sources */ = {isa = PBXBuildFile; fileRef = F6971C7A2379506000CC2CB7 /* RecognitionHandler.swift */; };
		F6971C80237960CB00CC2CB7 /* CobaViewController.swift in Sources */ = {isa = PBXBuildFile; fileRef = F6971C7F237960CB00CC2CB7 /* CobaViewController.swift */; };
		F6971C822379635C00CC2CB7 /* CanvasUIImageView.swift in Sources */ = {isa = PBXBuildFile; fileRef = F6971C812379635C00CC2CB7 /* CanvasUIImageView.swift */; };
		F6971C842379640B00CC2CB7 /* AngkaImageClassifier 1.mlmodel in Sources */ = {isa = PBXBuildFile; fileRef = F6971C832379640B00CC2CB7 /* AngkaImageClassifier 1.mlmodel */; };
		F6BE51A3237941870015AA9B /* AppDelegate.swift in Sources */ = {isa = PBXBuildFile; fileRef = F6BE51A2237941870015AA9B /* AppDelegate.swift */; };
		F6BE51A5237941870015AA9B /* SceneDelegate.swift in Sources */ = {isa = PBXBuildFile; fileRef = F6BE51A4237941870015AA9B /* SceneDelegate.swift */; };
		F6BE51A7237941870015AA9B /* ViewController.swift in Sources */ = {isa = PBXBuildFile; fileRef = F6BE51A6237941870015AA9B /* ViewController.swift */; };
		F6BE51AA237941870015AA9B /* Main.storyboard in Resources */ = {isa = PBXBuildFile; fileRef = F6BE51A8237941870015AA9B /* Main.storyboard */; };
		F6BE51AC237941890015AA9B /* Assets.xcassets in Resources */ = {isa = PBXBuildFile; fileRef = F6BE51AB237941890015AA9B /* Assets.xcassets */; };
		F6BE51AF237941890015AA9B /* LaunchScreen.storyboard in Resources */ = {isa = PBXBuildFile; fileRef = F6BE51AD237941890015AA9B /* LaunchScreen.storyboard */; };
/* End PBXBuildFile section */

/* Begin PBXFileReference section */
		F6971C77237945E100CC2CB7 /* MNISTClassifier.mlmodel */ = {isa = PBXFileReference; lastKnownFileType = file.mlmodel; path = MNISTClassifier.mlmodel; sourceTree = "<group>"; };
		F6971C792379506000CC2CB7 /* MNISTHandwritingRecognition.swift */ = {isa = PBXFileReference; fileEncoding = 4; lastKnownFileType = sourcecode.swift; path = MNISTHandwritingRecognition.swift; sourceTree = "<group>"; };
		F6971C7A2379506000CC2CB7 /* RecognitionHandler.swift */ = {isa = PBXFileReference; fileEncoding = 4; lastKnownFileType = sourcecode.swift; path = RecognitionHandler.swift; sourceTree = "<group>"; };
		F6971C7F237960CB00CC2CB7 /* CobaViewController.swift */ = {isa = PBXFileReference; lastKnownFileType = sourcecode.swift; path = CobaViewController.swift; sourceTree = "<group>"; };
		F6971C812379635C00CC2CB7 /* CanvasUIImageView.swift */ = {isa = PBXFileReference; fileEncoding = 4; lastKnownFileType = sourcecode.swift; path = CanvasUIImageView.swift; sourceTree = "<group>"; };
		F6971C832379640B00CC2CB7 /* AngkaImageClassifier 1.mlmodel */ = {isa = PBXFileReference; lastKnownFileType = file.mlmodel; path = "AngkaImageClassifier 1.mlmodel"; sourceTree = "<group>"; };
		F6BE519F237941870015AA9B /* Doji123Apps.app */ = {isa = PBXFileReference; explicitFileType = wrapper.application; includeInIndex = 0; path = Doji123Apps.app; sourceTree = BUILT_PRODUCTS_DIR; };
		F6BE51A2237941870015AA9B /* AppDelegate.swift */ = {isa = PBXFileReference; lastKnownFileType = sourcecode.swift; path = AppDelegate.swift; sourceTree = "<group>"; };
		F6BE51A4237941870015AA9B /* SceneDelegate.swift */ = {isa = PBXFileReference; lastKnownFileType = sourcecode.swift; path = SceneDelegate.swift; sourceTree = "<group>"; };
		F6BE51A6237941870015AA9B /* ViewController.swift */ = {isa = PBXFileReference; lastKnownFileType = sourcecode.swift; path = ViewController.swift; sourceTree = "<group>"; };
		F6BE51A9237941870015AA9B /* Base */ = {isa = PBXFileReference; lastKnownFileType = file.storyboard; name = Base; path = Base.lproj/Main.storyboard; sourceTree = "<group>"; };
		F6BE51AB237941890015AA9B /* Assets.xcassets */ = {isa = PBXFileReference; lastKnownFileType = folder.assetcatalog; path = Assets.xcassets; sourceTree = "<group>"; };
		F6BE51AE237941890015AA9B /* Base */ = {isa = PBXFileReference; lastKnownFileType = file.storyboard; name = Base; path = Base.lproj/LaunchScreen.storyboard; sourceTree = "<group>"; };
		F6BE51B0237941890015AA9B /* Info.plist */ = {isa = PBXFileReference; lastKnownFileType = text.plist.xml; path = Info.plist; sourceTree = "<group>"; };
/* End PBXFileReference section */

/* Begin PBXFrameworksBuildPhase section */
		F6BE519C237941870015AA9B /* Frameworks */ = {
			isa = PBXFrameworksBuildPhase;
			buildActionMask = 2147483647;
			files = (
			);
			runOnlyForDeploymentPostprocessing = 0;
		};
/* End PBXFrameworksBuildPhase section */

/* Begin PBXGroup section */
		F6BE5196237941870015AA9B = {
			isa = PBXGroup;
			children = (
				F6BE51A1237941870015AA9B /* Doji123Apps */,
				F6BE51A0237941870015AA9B /* Products */,
			);
			sourceTree = "<group>";
		};
		F6BE51A0237941870015AA9B /* Products */ = {
			isa = PBXGroup;
			children = (
				F6BE519F237941870015AA9B /* Doji123Apps.app */,
			);
			name = Products;
			sourceTree = "<group>";
		};
		F6BE51A1237941870015AA9B /* Doji123Apps */ = {
			isa = PBXGroup;
			children = (
				F6BE51A2237941870015AA9B /* AppDelegate.swift */,
				F6BE51A4237941870015AA9B /* SceneDelegate.swift */,
				F6BE51A6237941870015AA9B /* ViewController.swift */,
				F6BE51A8237941870015AA9B /* Main.storyboard */,
				F6971C7F237960CB00CC2CB7 /* CobaViewController.swift */,
				F6971C77237945E100CC2CB7 /* MNISTClassifier.mlmodel */,
				F6971C832379640B00CC2CB7 /* AngkaImageClassifier 1.mlmodel */,
				F6971C792379506000CC2CB7 /* MNISTHandwritingRecognition.swift */,
				F6971C7A2379506000CC2CB7 /* RecognitionHandler.swift */,
				F6971C812379635C00CC2CB7 /* CanvasUIImageView.swift */,
				F6BE51AB237941890015AA9B /* Assets.xcassets */,
				F6BE51AD237941890015AA9B /* LaunchScreen.storyboard */,
				F6BE51B0237941890015AA9B /* Info.plist */,
			);
			path = Doji123Apps;
			sourceTree = "<group>";
		};
/* End PBXGroup section */

/* Begin PBXNativeTarget section */
		F6BE519E237941870015AA9B /* Doji123Apps */ = {
			isa = PBXNativeTarget;
			buildConfigurationList = F6BE51B3237941890015AA9B /* Build configuration list for PBXNativeTarget "Doji123Apps" */;
			buildPhases = (
				F6BE519B237941870015AA9B /* Sources */,
				F6BE519C237941870015AA9B /* Frameworks */,
				F6BE519D237941870015AA9B /* Resources */,
			);
			buildRules = (
			);
			dependencies = (
			);
			name = Doji123Apps;
			productName = Doji123Apps;
			productReference = F6BE519F237941870015AA9B /* Doji123Apps.app */;
			productType = "com.apple.product-type.application";
		};
/* End PBXNativeTarget section */

/* Begin PBXProject section */
		F6BE5197237941870015AA9B /* Project object */ = {
			isa = PBXProject;
			attributes = {
				LastSwiftUpdateCheck = 1120;
				LastUpgradeCheck = 1120;
				ORGANIZATIONNAME = heni;
				TargetAttributes = {
					F6BE519E237941870015AA9B = {
						CreatedOnToolsVersion = 11.2;
					};
				};
			};
			buildConfigurationList = F6BE519A237941870015AA9B /* Build configuration list for PBXProject "Doji123Apps" */;
			compatibilityVersion = "Xcode 9.3";
			developmentRegion = en;
			hasScannedForEncodings = 0;
			knownRegions = (
				en,
				Base,
			);
			mainGroup = F6BE5196237941870015AA9B;
			productRefGroup = F6BE51A0237941870015AA9B /* Products */;
			projectDirPath = "";
			projectRoot = "";
			targets = (
				F6BE519E237941870015AA9B /* Doji123Apps */,
			);
		};
/* End PBXProject section */

/* Begin PBXResourcesBuildPhase section */
		F6BE519D237941870015AA9B /* Resources */ = {
			isa = PBXResourcesBuildPhase;
			buildActionMask = 2147483647;
			files = (
				F6BE51AF237941890015AA9B /* LaunchScreen.storyboard in Resources */,
				F6BE51AC237941890015AA9B /* Assets.xcassets in Resources */,
				F6BE51AA237941870015AA9B /* Main.storyboard in Resources */,
			);
			runOnlyForDeploymentPostprocessing = 0;
		};
/* End PBXResourcesBuildPhase section */

/* Begin PBXSourcesBuildPhase section */
		F6BE519B237941870015AA9B /* Sources */ = {
			isa = PBXSourcesBuildPhase;
			buildActionMask = 2147483647;
			files = (
				F6BE51A7237941870015AA9B /* ViewController.swift in Sources */,
				F6971C842379640B00CC2CB7 /* AngkaImageClassifier 1.mlmodel in Sources */,
				F6BE51A3237941870015AA9B /* AppDelegate.swift in Sources */,
				F6971C822379635C00CC2CB7 /* CanvasUIImageView.swift in Sources */,
				F6BE51A5237941870015AA9B /* SceneDelegate.swift in Sources */,
				F6971C7B2379506000CC2CB7 /* MNISTHandwritingRecognition.swift in Sources */,
				F6971C7C2379506000CC2CB7 /* RecognitionHandler.swift in Sources */,
				F6971C78237945E100CC2CB7 /* MNISTClassifier.mlmodel in Sources */,
				F6971C80237960CB00CC2CB7 /* CobaViewController.swift in Sources */,
			);
			runOnlyForDeploymentPostprocessing = 0;
		};
/* End PBXSourcesBuildPhase section */

/* Begin PBXVariantGroup section */
		F6BE51A8237941870015AA9B /* Main.storyboard */ = {
			isa = PBXVariantGroup;
			children = (
				F6BE51A9237941870015AA9B /* Base */,
			);
			name = Main.storyboard;
			sourceTree = "<group>";
		};
		F6BE51AD237941890015AA9B /* LaunchScreen.storyboard */ = {
			isa = PBXVariantGroup;
			children = (
				F6BE51AE237941890015AA9B /* Base */,
			);
			name = LaunchScreen.storyboard;
			sourceTree = "<group>";
		};
/* End PBXVariantGroup section */

/* Begin XCBuildConfiguration section */
		F6BE51B1237941890015AA9B /* Debug */ = {
			isa = XCBuildConfiguration;
			buildSettings = {
				ALWAYS_SEARCH_USER_PATHS = NO;
				CLANG_ANALYZER_NONNULL = YES;
				CLANG_ANALYZER_NUMBER_OBJECT_CONVERSION = YES_AGGRESSIVE;
				CLANG_CXX_LANGUAGE_STANDARD = "gnu++14";
				CLANG_CXX_LIBRARY = "libc++";
				CLANG_ENABLE_MODULES = YES;
				CLANG_ENABLE_OBJC_ARC = YES;
				CLANG_ENABLE_OBJC_WEAK = YES;
				CLANG_WARN_BLOCK_CAPTURE_AUTORELEASING = YES;
				CLANG_WARN_BOOL_CONVERSION = YES;
				CLANG_WARN_COMMA = YES;
				CLANG_WARN_CONSTANT_CONVERSION = YES;
				CLANG_WARN_DEPRECATED_OBJC_IMPLEMENTATIONS = YES;
				CLANG_WARN_DIRECT_OBJC_ISA_USAGE = YES_ERROR;
				CLANG_WARN_DOCUMENTATION_COMMENTS = YES;
				CLANG_WARN_EMPTY_BODY = YES;
				CLANG_WARN_ENUM_CONVERSION = YES;
				CLANG_WARN_INFINITE_RECURSION = YES;
				CLANG_WARN_INT_CONVERSION = YES;
				CLANG_WARN_NON_LITERAL_NULL_CONVERSION = YES;
				CLANG_WARN_OBJC_IMPLICIT_RETAIN_SELF = YES;
				CLANG_WARN_OBJC_LITERAL_CONVERSION = YES;
				CLANG_WARN_OBJC_ROOT_CLASS = YES_ERROR;
				CLANG_WARN_RANGE_LOOP_ANALYSIS = YES;
				CLANG_WARN_STRICT_PROTOTYPES = YES;
				CLANG_WARN_SUSPICIOUS_MOVE = YES;
				CLANG_WARN_UNGUARDED_AVAILABILITY = YES_AGGRESSIVE;
				CLANG_WARN_UNREACHABLE_CODE = YES;
				CLANG_WARN__DUPLICATE_METHOD_MATCH = YES;
				COPY_PHASE_STRIP = NO;
				DEBUG_INFORMATION_FORMAT = dwarf;
				ENABLE_STRICT_OBJC_MSGSEND = YES;
				ENABLE_TESTABILITY = YES;
				GCC_C_LANGUAGE_STANDARD = gnu11;
				GCC_DYNAMIC_NO_PIC = NO;
				GCC_NO_COMMON_BLOCKS = YES;
				GCC_OPTIMIZATION_LEVEL = 0;
				GCC_PREPROCESSOR_DEFINITIONS = (
					"DEBUG=1",
					"$(inherited)",
				);
				GCC_WARN_64_TO_32_BIT_CONVERSION = YES;
				GCC_WARN_ABOUT_RETURN_TYPE = YES_ERROR;
				GCC_WARN_UNDECLARED_SELECTOR = YES;
				GCC_WARN_UNINITIALIZED_AUTOS = YES_AGGRESSIVE;
				GCC_WARN_UNUSED_FUNCTION = YES;
				GCC_WARN_UNUSED_VARIABLE = YES;
				IPHONEOS_DEPLOYMENT_TARGET = 13.2;
				MTL_ENABLE_DEBUG_INFO = INCLUDE_SOURCE;
				MTL_FAST_MATH = YES;
				ONLY_ACTIVE_ARCH = YES;
				SDKROOT = iphoneos;
				SWIFT_ACTIVE_COMPILATION_CONDITIONS = DEBUG;
				SWIFT_OPTIMIZATION_LEVEL = "-Onone";
			};
			name = Debug;
		};
		F6BE51B2237941890015AA9B /* Release */ = {
			isa = XCBuildConfiguration;
			buildSettings = {
				ALWAYS_SEARCH_USER_PATHS = NO;
				CLANG_ANALYZER_NONNULL = YES;
				CLANG_ANALYZER_NUMBER_OBJECT_CONVERSION = YES_AGGRESSIVE;
				CLANG_CXX_LANGUAGE_STANDARD = "gnu++14";
				CLANG_CXX_LIBRARY = "libc++";
				CLANG_ENABLE_MODULES = YES;
				CLANG_ENABLE_OBJC_ARC = YES;
				CLANG_ENABLE_OBJC_WEAK = YES;
				CLANG_WARN_BLOCK_CAPTURE_AUTORELEASING = YES;
				CLANG_WARN_BOOL_CONVERSION = YES;
				CLANG_WARN_COMMA = YES;
				CLANG_WARN_CONSTANT_CONVERSION = YES;
				CLANG_WARN_DEPRECATED_OBJC_IMPLEMENTATIONS = YES;
				CLANG_WARN_DIRECT_OBJC_ISA_USAGE = YES_ERROR;
				CLANG_WARN_DOCUMENTATION_COMMENTS = YES;
				CLANG_WARN_EMPTY_BODY = YES;
				CLANG_WARN_ENUM_CONVERSION = YES;
				CLANG_WARN_INFINITE_RECURSION = YES;
				CLANG_WARN_INT_CONVERSION = YES;
				CLANG_WARN_NON_LITERAL_NULL_CONVERSION = YES;
				CLANG_WARN_OBJC_IMPLICIT_RETAIN_SELF = YES;
				CLANG_WARN_OBJC_LITERAL_CONVERSION = YES;
				CLANG_WARN_OBJC_ROOT_CLASS = YES_ERROR;
				CLANG_WARN_RANGE_LOOP_ANALYSIS = YES;
				CLANG_WARN_STRICT_PROTOTYPES = YES;
				CLANG_WARN_SUSPICIOUS_MOVE = YES;
				CLANG_WARN_UNGUARDED_AVAILABILITY = YES_AGGRESSIVE;
				CLANG_WARN_UNREACHABLE_CODE = YES;
				CLANG_WARN__DUPLICATE_METHOD_MATCH = YES;
				COPY_PHASE_STRIP = NO;
				DEBUG_INFORMATION_FORMAT = "dwarf-with-dsym";
				ENABLE_NS_ASSERTIONS = NO;
				ENABLE_STRICT_OBJC_MSGSEND = YES;
				GCC_C_LANGUAGE_STANDARD = gnu11;
				GCC_NO_COMMON_BLOCKS = YES;
				GCC_WARN_64_TO_32_BIT_CONVERSION = YES;
				GCC_WARN_ABOUT_RETURN_TYPE = YES_ERROR;
				GCC_WARN_UNDECLARED_SELECTOR = YES;
				GCC_WARN_UNINITIALIZED_AUTOS = YES_AGGRESSIVE;
				GCC_WARN_UNUSED_FUNCTION = YES;
				GCC_WARN_UNUSED_VARIABLE = YES;
				IPHONEOS_DEPLOYMENT_TARGET = 13.2;
				MTL_ENABLE_DEBUG_INFO = NO;
				MTL_FAST_MATH = YES;
				SDKROOT = iphoneos;
				SWIFT_COMPILATION_MODE = wholemodule;
				SWIFT_OPTIMIZATION_LEVEL = "-O";
				VALIDATE_PRODUCT = YES;
			};
			name = Release;
		};
		F6BE51B4237941890015AA9B /* Debug */ = {
			isa = XCBuildConfiguration;
			buildSettings = {
				ASSETCATALOG_COMPILER_APPICON_NAME = AppIcon;
				CODE_SIGN_STYLE = Automatic;
				DEVELOPMENT_TEAM = 5Z5YG7KT6H;
				INFOPLIST_FILE = Doji123Apps/Info.plist;
				LD_RUNPATH_SEARCH_PATHS = (
					"$(inherited)",
					"@executable_path/Frameworks",
				);
				PRODUCT_BUNDLE_IDENTIFIER = com.heni.Doji123Apps;
				PRODUCT_NAME = "$(TARGET_NAME)";
				SWIFT_VERSION = 5.0;
				TARGETED_DEVICE_FAMILY = "1,2";
			};
			name = Debug;
		};
		F6BE51B5237941890015AA9B /* Release */ = {
			isa = XCBuildConfiguration;
			buildSettings = {
				ASSETCATALOG_COMPILER_APPICON_NAME = AppIcon;
				CODE_SIGN_STYLE = Automatic;
				DEVELOPMENT_TEAM = 5Z5YG7KT6H;
				INFOPLIST_FILE = Doji123Apps/Info.plist;
				LD_RUNPATH_SEARCH_PATHS = (
					"$(inherited)",
					"@executable_path/Frameworks",
				);
				PRODUCT_BUNDLE_IDENTIFIER = com.heni.Doji123Apps;
				PRODUCT_NAME = "$(TARGET_NAME)";
				SWIFT_VERSION = 5.0;
				TARGETED_DEVICE_FAMILY = "1,2";
			};
			name = Release;
		};
/* End XCBuildConfiguration section */

/* Begin XCConfigurationList section */
		F6BE519A237941870015AA9B /* Build configuration list for PBXProject "Doji123Apps" */ = {
			isa = XCConfigurationList;
			buildConfigurations = (
				F6BE51B1237941890015AA9B /* Debug */,
				F6BE51B2237941890015AA9B /* Release */,
			);
			defaultConfigurationIsVisible = 0;
			defaultConfigurationName = Release;
		};
		F6BE51B3237941890015AA9B /* Build configuration list for PBXNativeTarget "Doji123Apps" */ = {
			isa = XCConfigurationList;
			buildConfigurations = (
				F6BE51B4237941890015AA9B /* Debug */,
				F6BE51B5237941890015AA9B /* Release */,
			);
			defaultConfigurationIsVisible = 0;
			defaultConfigurationName = Release;
		};
/* End XCConfigurationList section */
	};
	rootObject = F6BE5197237941870015AA9B /* Project object */;
}
